
Microsoft Visual Studio Solution File, Format Version 12.00
# Visual Studio Version 16
VisualStudioVersion = 16.0.29318.209
MinimumVisualStudioVersion = 10.0.40219.1
Project("{FAE04EC0-301F-11D3-BF4B-00C04F79EFBC}") = "PengRobinson", "PengRobinson\PengRobinson.csproj", "{E9C9544D-010A-4E7C-8AE6-91939C1AB066}"
EndProject
Global
	GlobalSection(SolutionConfigurationPlatforms) = preSolution
		Debug|Any CPU = Debug|Any CPU
		Release|Any CPU = Release|Any CPU
	EndGlobalSection
	GlobalSection(ProjectConfigurationPlatforms) = postSolution
		{E9C9544D-010A-4E7C-8AE6-91939C1AB066}.Debug|Any CPU.ActiveCfg = Debug|Any CPU
		{E9C9544D-010A-4E7C-8AE6-91939C1AB066}.Debug|Any CPU.Build.0 = Debug|Any CPU
		{E9C9544D-010A-4E7C-8AE6-91939C1AB066}.Release|Any CPU.ActiveCfg = Release|Any CPU
		{E9C9544D-010A-4E7C-8AE6-91939C1AB066}.Release|Any CPU.Build.0 = Release|Any CPU
	EndGlobalSection
	GlobalSection(SolutionProperties) = preSolution
		HideSolutionNode = FALSE
	EndGlobalSection
	GlobalSection(ExtensibilityGlobals) = postSolution
		SolutionGuid = {8F2641A9-B663-4597-AD10-B64EC070E4D8}
	EndGlobalSection
EndGlobal
