
Microsoft Visual Studio Solution File, Format Version 12.00
# Visual Studio Version 16
VisualStudioVersion = 16.0.29318.209
MinimumVisualStudioVersion = 10.0.40219.1
Project("{FAE04EC0-301F-11D3-BF4B-00C04F79EFBC}") = "GasPipelineCalc", "GasPipelineCalc\GasPipelineCalc.csproj", "{30F200E9-62C9-4DF5-8C95-522E0DCC9A20}"
EndProject
Global
	GlobalSection(SolutionConfigurationPlatforms) = preSolution
		Debug|Any CPU = Debug|Any CPU
		Release|Any CPU = Release|Any CPU
	EndGlobalSection
	GlobalSection(ProjectConfigurationPlatforms) = postSolution
		{30F200E9-62C9-4DF5-8C95-522E0DCC9A20}.Debug|Any CPU.ActiveCfg = Debug|Any CPU
		{30F200E9-62C9-4DF5-8C95-522E0DCC9A20}.Debug|Any CPU.Build.0 = Debug|Any CPU
		{30F200E9-62C9-4DF5-8C95-522E0DCC9A20}.Release|Any CPU.ActiveCfg = Release|Any CPU
		{30F200E9-62C9-4DF5-8C95-522E0DCC9A20}.Release|Any CPU.Build.0 = Release|Any CPU
	EndGlobalSection
	GlobalSection(SolutionProperties) = preSolution
		HideSolutionNode = FALSE
	EndGlobalSection
	GlobalSection(ExtensibilityGlobals) = postSolution
		SolutionGuid = {212B9B90-4A4C-4908-9503-C0D06D59423F}
	EndGlobalSection
EndGlobal
